
Microsoft Visual Studio Solution File, Format Version 12.00
# Visual Studio Version 16
VisualStudioVersion = 16.0.30717.126
MinimumVisualStudioVersion = 10.0.40219.1
Project("{2150E333-8FDC-42A3-9474-1A3956D46DE8}") = ".config", ".config", "{B935BD9F-27B6-497A-8784-243EE1233DEF}"
	ProjectSection(SolutionItems) = preProject
		.config\dotnet-tools.json = .config\dotnet-tools.json
		Properties.proj = Properties.proj
		.config\scripts.txt = .config\scripts.txt
	EndProjectSection
EndProject
Project("{9A19103F-16F7-4668-BE54-9A1E7A4F7556}") = "Silvester.Pathfinder.Reference.Web", "Silvester.Pathfinder.Reference.Web\Silvester.Pathfinder.Reference.Web.csproj", "{45224A0E-20F2-4100-B05E-7FBD4709A50C}"
EndProject
Project("{9A19103F-16F7-4668-BE54-9A1E7A4F7556}") = "Silvester.Pathfinder.Reference.Web.Graphql", "Silvester.Pathfinder.Reference.Web.Graphql\Silvester.Pathfinder.Reference.Web.Graphql.csproj", "{FB3E70ED-CE3E-4E14-B61C-0F9323939169}"
EndProject
Project("{FAE04EC0-301F-11D3-BF4B-00C04F79EFBC}") = "Silvester.Pathfinder.Reference.Web.Rest", "Silvester.Pathfinder.Reference.Web.Rest\Silvester.Pathfinder.Reference.Web.Rest.csproj", "{394AF35C-ED0F-4EAE-A5B1-8767801F1309}"
EndProject
Global
	GlobalSection(SolutionConfigurationPlatforms) = preSolution
		Debug|Any CPU = Debug|Any CPU
		Release|Any CPU = Release|Any CPU
	EndGlobalSection
	GlobalSection(ProjectConfigurationPlatforms) = postSolution
		{45224A0E-20F2-4100-B05E-7FBD4709A50C}.Debug|Any CPU.ActiveCfg = Debug|Any CPU
		{45224A0E-20F2-4100-B05E-7FBD4709A50C}.Debug|Any CPU.Build.0 = Debug|Any CPU
		{45224A0E-20F2-4100-B05E-7FBD4709A50C}.Release|Any CPU.ActiveCfg = Release|Any CPU
		{45224A0E-20F2-4100-B05E-7FBD4709A50C}.Release|Any CPU.Build.0 = Release|Any CPU
		{FB3E70ED-CE3E-4E14-B61C-0F9323939169}.Debug|Any CPU.ActiveCfg = Debug|Any CPU
		{FB3E70ED-CE3E-4E14-B61C-0F9323939169}.Debug|Any CPU.Build.0 = Debug|Any CPU
		{FB3E70ED-CE3E-4E14-B61C-0F9323939169}.Release|Any CPU.ActiveCfg = Release|Any CPU
		{FB3E70ED-CE3E-4E14-B61C-0F9323939169}.Release|Any CPU.Build.0 = Release|Any CPU
		{394AF35C-ED0F-4EAE-A5B1-8767801F1309}.Debug|Any CPU.ActiveCfg = Debug|Any CPU
		{394AF35C-ED0F-4EAE-A5B1-8767801F1309}.Debug|Any CPU.Build.0 = Debug|Any CPU
		{394AF35C-ED0F-4EAE-A5B1-8767801F1309}.Release|Any CPU.ActiveCfg = Release|Any CPU
		{394AF35C-ED0F-4EAE-A5B1-8767801F1309}.Release|Any CPU.Build.0 = Release|Any CPU
	EndGlobalSection
	GlobalSection(SolutionProperties) = preSolution
		HideSolutionNode = FALSE
	EndGlobalSection
	GlobalSection(ExtensibilityGlobals) = postSolution
		SolutionGuid = {B44BEF4C-5A14-49D2-91A9-7F68D4854294}
	EndGlobalSection
EndGlobal
